PODS:
  - audioplayers_darwin (0.0.1):
    - Flutter
  - camera_avfoundation (0.0.1):
    - Flutter
  - device_info_plus (0.0.1):
    - Flutter
  - Flutter (1.0.0)
  - gal (1.0.0):
    - Flutter
    - FlutterMacOS
  - path_provider_foundation (0.0.1):
    - Flutter
    - FlutterMacOS
  - permission_handler_apple (9.3.0):
    - Flutter
  - record_ios (1.1.0):
    - Flutter
  - super_player (13.1.0):
    - Flutter
    - super_player/professional (= 13.1.0)
  - super_player/professional (13.1.0):
    - Flutter
    - TXLiteAVSDK_Professional (= 13.1.20454)
  - TXLiteAVSDK_Professional (13.1.20454):
    - TXLiteAVSDK_Professional/Professional (= 13.1.20454)
  - TXLiteAVSDK_Professional/Professional (13.1.20454)
  - xp2p_sdk (2.4.50):
    - Flutter

DEPENDENCIES:
  - audioplayers_darwin (from `.symlinks/plugins/audioplayers_darwin/ios`)
  - camera_avfoundation (from `.symlinks/plugins/camera_avfoundation/ios`)
  - device_info_plus (from `.symlinks/plugins/device_info_plus/ios`)
  - Flutter (from `Flutter`)
  - gal (from `.symlinks/plugins/gal/darwin`)
  - path_provider_foundation (from `.symlinks/plugins/path_provider_foundation/darwin`)
  - permission_handler_apple (from `.symlinks/plugins/permission_handler_apple/ios`)
  - record_ios (from `.symlinks/plugins/record_ios/ios`)
  - super_player (from `.symlinks/plugins/super_player/ios`)
  - xp2p_sdk (from `.symlinks/plugins/xp2p_sdk/ios`)

SPEC REPOS:
  trunk:
    - TXLiteAVSDK_Professional

EXTERNAL SOURCES:
  audioplayers_darwin:
    :path: ".symlinks/plugins/audioplayers_darwin/ios"
  camera_avfoundation:
    :path: ".symlinks/plugins/camera_avfoundation/ios"
  device_info_plus:
    :path: ".symlinks/plugins/device_info_plus/ios"
  Flutter:
    :path: Flutter
  gal:
    :path: ".symlinks/plugins/gal/darwin"
  path_provider_foundation:
    :path: ".symlinks/plugins/path_provider_foundation/darwin"
  permission_handler_apple:
    :path: ".symlinks/plugins/permission_handler_apple/ios"
  record_ios:
    :path: ".symlinks/plugins/record_ios/ios"
  super_player:
    :path: ".symlinks/plugins/super_player/ios"
  xp2p_sdk:
    :path: ".symlinks/plugins/xp2p_sdk/ios"

SPEC CHECKSUMS:
  audioplayers_darwin: 877d9a4d06331c5c374595e46e16453ac7eafa40
  camera_avfoundation: 281867ff09f1da66f031a184ecfbc6f2e625c9f5
  device_info_plus: c6fb39579d0f423935b0c9ce7ee2f44b71b9fce6
  Flutter: cabc95a1d2626b1b06e7179b784ebcf0c0cde467
  gal: 6a522c75909f1244732d4596d11d6a2f86ff37a5
  path_provider_foundation: 0b743cbb62d8e47eab856f09262bb8c1ddcfe6ba
  permission_handler_apple: 9878588469a2b0d0fc1e048d9f43605f92e6cec2
  record_ios: 840d21cce013c5a3b2168b74a54ebdb4136359e2
  super_player: 24665898d562428624e101863812bc7fb60883c1
  TXLiteAVSDK_Professional: fab8ac9da64efa80bef81377b35530a791411a74
  xp2p_sdk: 7b45971a6cd5e52008c2e84b70aba774d3072d6f

PODFILE CHECKSUM: a2e5efea663daadb1f867ae37db9259e6c064aee

COCOAPODS: 1.16.2
