PODS:
  - audioplayers_darwin (0.0.1):
    - Flutter
  - camera_avfoundation (0.0.1):
    - Flutter
  - device_info_plus (0.0.1):
    - Flutter
  - Flutter (1.0.0)
  - live_flutter_plugin (1.0.0):
    - Flutter
    - TXCustomBeautyProcesserPlugin
    - TXLiteAVSDK_Professional (~> 12.6.18894)
  - path_provider_foundation (0.0.1):
    - Flutter
    - FlutterMacOS
  - permission_handler_apple (9.3.0):
    - Flutter
  - record_ios (1.1.0):
    - Flutter
  - TXCustomBeautyProcesserPlugin (1.0.2)
  - TXLiteAVSDK_Professional (12.6.18894):
    - TXLiteAVSDK_Professional/Professional (= 12.6.18894)
  - TXLiteAVSDK_Professional/Professional (12.6.18894)
  - xp2p_sdk (2.4.50):
    - Flutter

DEPENDENCIES:
  - audioplayers_darwin (from `.symlinks/plugins/audioplayers_darwin/ios`)
  - camera_avfoundation (from `.symlinks/plugins/camera_avfoundation/ios`)
  - device_info_plus (from `.symlinks/plugins/device_info_plus/ios`)
  - Flutter (from `Flutter`)
  - live_flutter_plugin (from `.symlinks/plugins/live_flutter_plugin/ios`)
  - path_provider_foundation (from `.symlinks/plugins/path_provider_foundation/darwin`)
  - permission_handler_apple (from `.symlinks/plugins/permission_handler_apple/ios`)
  - record_ios (from `.symlinks/plugins/record_ios/ios`)
  - xp2p_sdk (from `.symlinks/plugins/xp2p_sdk/ios`)

SPEC REPOS:
  trunk:
    - TXCustomBeautyProcesserPlugin
    - TXLiteAVSDK_Professional

EXTERNAL SOURCES:
  audioplayers_darwin:
    :path: ".symlinks/plugins/audioplayers_darwin/ios"
  camera_avfoundation:
    :path: ".symlinks/plugins/camera_avfoundation/ios"
  device_info_plus:
    :path: ".symlinks/plugins/device_info_plus/ios"
  Flutter:
    :path: Flutter
  live_flutter_plugin:
    :path: ".symlinks/plugins/live_flutter_plugin/ios"
  path_provider_foundation:
    :path: ".symlinks/plugins/path_provider_foundation/darwin"
  permission_handler_apple:
    :path: ".symlinks/plugins/permission_handler_apple/ios"
  record_ios:
    :path: ".symlinks/plugins/record_ios/ios"
  xp2p_sdk:
    :path: ".symlinks/plugins/xp2p_sdk/ios"

SPEC CHECKSUMS:
  audioplayers_darwin: 877d9a4d06331c5c374595e46e16453ac7eafa40
  camera_avfoundation: 281867ff09f1da66f031a184ecfbc6f2e625c9f5
  device_info_plus: c6fb39579d0f423935b0c9ce7ee2f44b71b9fce6
  Flutter: cabc95a1d2626b1b06e7179b784ebcf0c0cde467
  live_flutter_plugin: b381e742ccbd8e1f2e90ebea7a0f221c2afd462b
  path_provider_foundation: 0b743cbb62d8e47eab856f09262bb8c1ddcfe6ba
  permission_handler_apple: 9878588469a2b0d0fc1e048d9f43605f92e6cec2
  record_ios: 840d21cce013c5a3b2168b74a54ebdb4136359e2
  TXCustomBeautyProcesserPlugin: 099393b941cb40eda12b3a80bf6c0319957b1cfd
  TXLiteAVSDK_Professional: adf74fce095f059a6c400f4e8d062b47eea92261
  xp2p_sdk: 62a4c76b0b17e12b4e18f74ebabaff07531d20c9

PODFILE CHECKSUM: 061f874247ebe218f617f06f3c7b1a136c08b0ce

COCOAPODS: 1.16.2
